// !$*UTF8*$!
{
	archiveVersion = 1;
	classes = {
	};
	objectVersion = 56;
	objects = {

/* Begin PBXBuildFile section */
		0ADC2EEA6CCD76DD7EFFD6CE /* Pods_Wheather_Forecast_Wheather_ForecastUITests.framework in Frameworks */ = {isa = PBXBuildFile; fileRef = D760349D5328D43117F27CBA /* Pods_Wheather_Forecast_Wheather_ForecastUITests.framework */; };
		208F164B2AFB891B0027FD83 /* AppDelegate.swift in Sources */ = {isa = PBXBuildFile; fileRef = 208F164A2AFB891B0027FD83 /* AppDelegate.swift */; };
		208F16542AFB89200027FD83 /* Assets.xcassets in Resources */ = {isa = PBXBuildFile; fileRef = 208F16532AFB89200027FD83 /* Assets.xcassets */; };
		208F16572AFB89200027FD83 /* LaunchScreen.storyboard in Resources */ = {isa = PBXBuildFile; fileRef = 208F16552AFB89200027FD83 /* LaunchScreen.storyboard */; };
		208F16622AFB89210027FD83 /* Wheather_ForecastTests.swift in Sources */ = {isa = PBXBuildFile; fileRef = 208F16612AFB89210027FD83 /* Wheather_ForecastTests.swift */; };
		208F166C2AFB89210027FD83 /* Wheather_ForecastUITests.swift in Sources */ = {isa = PBXBuildFile; fileRef = 208F166B2AFB89210027FD83 /* Wheather_ForecastUITests.swift */; };
		208F166E2AFB89210027FD83 /* Wheather_ForecastUITestsLaunchTests.swift in Sources */ = {isa = PBXBuildFile; fileRef = 208F166D2AFB89210027FD83 /* Wheather_ForecastUITestsLaunchTests.swift */; };
		208F16832AFB9FD80027FD83 /* AppRouter.swift in Sources */ = {isa = PBXBuildFile; fileRef = 208F16822AFB9FD80027FD83 /* AppRouter.swift */; };
		208F16852AFB9FE20027FD83 /* AppContainer.swift in Sources */ = {isa = PBXBuildFile; fileRef = 208F16842AFB9FE20027FD83 /* AppContainer.swift */; };
		208F16AE2AFBFA530027FD83 /* RequestProtocol.swift in Sources */ = {isa = PBXBuildFile; fileRef = 208F16AD2AFBFA530027FD83 /* RequestProtocol.swift */; };
		208F16B02AFBFC1E0027FD83 /* NetworkError.swift in Sources */ = {isa = PBXBuildFile; fileRef = 208F16AF2AFBFC1E0027FD83 /* NetworkError.swift */; };
		208F16B22AFBFD590027FD83 /* AppService.swift in Sources */ = {isa = PBXBuildFile; fileRef = 208F16B12AFBFD590027FD83 /* AppService.swift */; };
		208F16B42AFC073D0027FD83 /* RequestModel.swift in Sources */ = {isa = PBXBuildFile; fileRef = 208F16B32AFC073D0027FD83 /* RequestModel.swift */; };
		20CB1C362AFCDD6A00E5B53B /* Request.swift in Sources */ = {isa = PBXBuildFile; fileRef = 20CB1C352AFCDD6A00E5B53B /* Request.swift */; };
		20CB1C4D2AFD4F9100E5B53B /* Exo2-Regular.ttf in Resources */ = {isa = PBXBuildFile; fileRef = 20CB1C492AFD4F9100E5B53B /* Exo2-Regular.ttf */; };
		20CB1C4E2AFD4F9100E5B53B /* Exo2-Thin.ttf in Resources */ = {isa = PBXBuildFile; fileRef = 20CB1C4A2AFD4F9100E5B53B /* Exo2-Thin.ttf */; };
		20CB1C4F2AFD4F9100E5B53B /* Exo2-SemiBold.ttf in Resources */ = {isa = PBXBuildFile; fileRef = 20CB1C4B2AFD4F9100E5B53B /* Exo2-SemiBold.ttf */; };
		20CB1C502AFD4F9100E5B53B /* Exo2-Light.ttf in Resources */ = {isa = PBXBuildFile; fileRef = 20CB1C4C2AFD4F9100E5B53B /* Exo2-Light.ttf */; };
		20CB1C532AFD505500E5B53B /* CustomFont.swift in Sources */ = {isa = PBXBuildFile; fileRef = 20CB1C522AFD505500E5B53B /* CustomFont.swift */; };
		883CE9F042991E13E9091475 /* Pods_Wheather_ForecastTests.framework in Frameworks */ = {isa = PBXBuildFile; fileRef = 51F94EBBF4653606B2D7D9D0 /* Pods_Wheather_ForecastTests.framework */; };
		8E63C703B2AD515D50499F46 /* Pods_Wheather_Forecast.framework in Frameworks */ = {isa = PBXBuildFile; fileRef = 7EA9DAD75B76B91952735413 /* Pods_Wheather_Forecast.framework */; };
/* End PBXBuildFile section */

/* Begin PBXContainerItemProxy section */
		208F165E2AFB89210027FD83 /* PBXContainerItemProxy */ = {
			isa = PBXContainerItemProxy;
			containerPortal = 208F163F2AFB891A0027FD83 /* Project object */;
			proxyType = 1;
			remoteGlobalIDString = 208F16462AFB891A0027FD83;
			remoteInfo = "Wheather Forecast";
		};
		208F16682AFB89210027FD83 /* PBXContainerItemProxy */ = {
			isa = PBXContainerItemProxy;
			containerPortal = 208F163F2AFB891A0027FD83 /* Project object */;
			proxyType = 1;
			remoteGlobalIDString = 208F16462AFB891A0027FD83;
			remoteInfo = "Wheather Forecast";
		};
/* End PBXContainerItemProxy section */

/* Begin PBXFileReference section */
		208F16472AFB891B0027FD83 /* Wheather Forecast.app */ = {isa = PBXFileReference; explicitFileType = wrapper.application; includeInIndex = 0; path = "Wheather Forecast.app"; sourceTree = BUILT_PRODUCTS_DIR; };
		208F164A2AFB891B0027FD83 /* AppDelegate.swift */ = {isa = PBXFileReference; lastKnownFileType = sourcecode.swift; path = AppDelegate.swift; sourceTree = "<group>"; };
		208F16532AFB89200027FD83 /* Assets.xcassets */ = {isa = PBXFileReference; lastKnownFileType = folder.assetcatalog; path = Assets.xcassets; sourceTree = "<group>"; };
		208F16562AFB89200027FD83 /* Base */ = {isa = PBXFileReference; lastKnownFileType = file.storyboard; name = Base; path = Base.lproj/LaunchScreen.storyboard; sourceTree = "<group>"; };
		208F16582AFB89200027FD83 /* Info.plist */ = {isa = PBXFileReference; lastKnownFileType = text.plist.xml; path = Info.plist; sourceTree = "<group>"; };
		208F165D2AFB89210027FD83 /* Wheather ForecastTests.xctest */ = {isa = PBXFileReference; explicitFileType = wrapper.cfbundle; includeInIndex = 0; path = "Wheather ForecastTests.xctest"; sourceTree = BUILT_PRODUCTS_DIR; };
		208F16612AFB89210027FD83 /* Wheather_ForecastTests.swift */ = {isa = PBXFileReference; lastKnownFileType = sourcecode.swift; path = Wheather_ForecastTests.swift; sourceTree = "<group>"; };
		208F16672AFB89210027FD83 /* Wheather ForecastUITests.xctest */ = {isa = PBXFileReference; explicitFileType = wrapper.cfbundle; includeInIndex = 0; path = "Wheather ForecastUITests.xctest"; sourceTree = BUILT_PRODUCTS_DIR; };
		208F166B2AFB89210027FD83 /* Wheather_ForecastUITests.swift */ = {isa = PBXFileReference; lastKnownFileType = sourcecode.swift; path = Wheather_ForecastUITests.swift; sourceTree = "<group>"; };
		208F166D2AFB89210027FD83 /* Wheather_ForecastUITestsLaunchTests.swift */ = {isa = PBXFileReference; lastKnownFileType = sourcecode.swift; path = Wheather_ForecastUITestsLaunchTests.swift; sourceTree = "<group>"; };
		208F16822AFB9FD80027FD83 /* AppRouter.swift */ = {isa = PBXFileReference; lastKnownFileType = sourcecode.swift; path = AppRouter.swift; sourceTree = "<group>"; };
		208F16842AFB9FE20027FD83 /* AppContainer.swift */ = {isa = PBXFileReference; lastKnownFileType = sourcecode.swift; path = AppContainer.swift; sourceTree = "<group>"; };
		208F16AD2AFBFA530027FD83 /* RequestProtocol.swift */ = {isa = PBXFileReference; lastKnownFileType = sourcecode.swift; path = RequestProtocol.swift; sourceTree = "<group>"; };
		208F16AF2AFBFC1E0027FD83 /* NetworkError.swift */ = {isa = PBXFileReference; lastKnownFileType = sourcecode.swift; path = NetworkError.swift; sourceTree = "<group>"; };
		208F16B12AFBFD590027FD83 /* AppService.swift */ = {isa = PBXFileReference; lastKnownFileType = sourcecode.swift; path = AppService.swift; sourceTree = "<group>"; };
		208F16B32AFC073D0027FD83 /* RequestModel.swift */ = {isa = PBXFileReference; lastKnownFileType = sourcecode.swift; path = RequestModel.swift; sourceTree = "<group>"; };
		20CB1C352AFCDD6A00E5B53B /* Request.swift */ = {isa = PBXFileReference; lastKnownFileType = sourcecode.swift; path = Request.swift; sourceTree = "<group>"; };
		20CB1C492AFD4F9100E5B53B /* Exo2-Regular.ttf */ = {isa = PBXFileReference; lastKnownFileType = file; path = "Exo2-Regular.ttf"; sourceTree = "<group>"; };
		20CB1C4A2AFD4F9100E5B53B /* Exo2-Thin.ttf */ = {isa = PBXFileReference; lastKnownFileType = file; path = "Exo2-Thin.ttf"; sourceTree = "<group>"; };
		20CB1C4B2AFD4F9100E5B53B /* Exo2-SemiBold.ttf */ = {isa = PBXFileReference; lastKnownFileType = file; path = "Exo2-SemiBold.ttf"; sourceTree = "<group>"; };
		20CB1C4C2AFD4F9100E5B53B /* Exo2-Light.ttf */ = {isa = PBXFileReference; lastKnownFileType = file; path = "Exo2-Light.ttf"; sourceTree = "<group>"; };
		20CB1C522AFD505500E5B53B /* CustomFont.swift */ = {isa = PBXFileReference; lastKnownFileType = sourcecode.swift; path = CustomFont.swift; sourceTree = "<group>"; };
		2E525577D1995A3F1172B9E3 /* Pods-Wheather Forecast.release.xcconfig */ = {isa = PBXFileReference; includeInIndex = 1; lastKnownFileType = text.xcconfig; name = "Pods-Wheather Forecast.release.xcconfig"; path = "Target Support Files/Pods-Wheather Forecast/Pods-Wheather Forecast.release.xcconfig"; sourceTree = "<group>"; };
		40A71A79A4B1F7730E1C37CF /* Pods-Wheather ForecastTests.debug.xcconfig */ = {isa = PBXFileReference; includeInIndex = 1; lastKnownFileType = text.xcconfig; name = "Pods-Wheather ForecastTests.debug.xcconfig"; path = "Target Support Files/Pods-Wheather ForecastTests/Pods-Wheather ForecastTests.debug.xcconfig"; sourceTree = "<group>"; };
		51F94EBBF4653606B2D7D9D0 /* Pods_Wheather_ForecastTests.framework */ = {isa = PBXFileReference; explicitFileType = wrapper.framework; includeInIndex = 0; path = Pods_Wheather_ForecastTests.framework; sourceTree = BUILT_PRODUCTS_DIR; };
		7EA9DAD75B76B91952735413 /* Pods_Wheather_Forecast.framework */ = {isa = PBXFileReference; explicitFileType = wrapper.framework; includeInIndex = 0; path = Pods_Wheather_Forecast.framework; sourceTree = BUILT_PRODUCTS_DIR; };
		A3B690C251D2A8E205C963BA /* Pods-Wheather Forecast-Wheather ForecastUITests.release.xcconfig */ = {isa = PBXFileReference; includeInIndex = 1; lastKnownFileType = text.xcconfig; name = "Pods-Wheather Forecast-Wheather ForecastUITests.release.xcconfig"; path = "Target Support Files/Pods-Wheather Forecast-Wheather ForecastUITests/Pods-Wheather Forecast-Wheather ForecastUITests.release.xcconfig"; sourceTree = "<group>"; };
		CBD6F167FEA4EBD1A4F2354E /* Pods-Wheather Forecast.debug.xcconfig */ = {isa = PBXFileReference; includeInIndex = 1; lastKnownFileType = text.xcconfig; name = "Pods-Wheather Forecast.debug.xcconfig"; path = "Target Support Files/Pods-Wheather Forecast/Pods-Wheather Forecast.debug.xcconfig"; sourceTree = "<group>"; };
		D760349D5328D43117F27CBA /* Pods_Wheather_Forecast_Wheather_ForecastUITests.framework */ = {isa = PBXFileReference; explicitFileType = wrapper.framework; includeInIndex = 0; path = Pods_Wheather_Forecast_Wheather_ForecastUITests.framework; sourceTree = BUILT_PRODUCTS_DIR; };
		DDB3B5A21291DF1FCB0ED7F5 /* Pods-Wheather Forecast-Wheather ForecastUITests.debug.xcconfig */ = {isa = PBXFileReference; includeInIndex = 1; lastKnownFileType = text.xcconfig; name = "Pods-Wheather Forecast-Wheather ForecastUITests.debug.xcconfig"; path = "Target Support Files/Pods-Wheather Forecast-Wheather ForecastUITests/Pods-Wheather Forecast-Wheather ForecastUITests.debug.xcconfig"; sourceTree = "<group>"; };
		EF3B1469C4B69D024469934B /* Pods-Wheather ForecastTests.release.xcconfig */ = {isa = PBXFileReference; includeInIndex = 1; lastKnownFileType = text.xcconfig; name = "Pods-Wheather ForecastTests.release.xcconfig"; path = "Target Support Files/Pods-Wheather ForecastTests/Pods-Wheather ForecastTests.release.xcconfig"; sourceTree = "<group>"; };
/* End PBXFileReference section */

/* Begin PBXFrameworksBuildPhase section */
		208F16442AFB891A0027FD83 /* Frameworks */ = {
			isa = PBXFrameworksBuildPhase;
			buildActionMask = 2147483647;
			files = (
				8E63C703B2AD515D50499F46 /* Pods_Wheather_Forecast.framework in Frameworks */,
			);
			runOnlyForDeploymentPostprocessing = 0;
		};
		208F165A2AFB89210027FD83 /* Frameworks */ = {
			isa = PBXFrameworksBuildPhase;
			buildActionMask = 2147483647;
			files = (
				883CE9F042991E13E9091475 /* Pods_Wheather_ForecastTests.framework in Frameworks */,
			);
			runOnlyForDeploymentPostprocessing = 0;
		};
		208F16642AFB89210027FD83 /* Frameworks */ = {
			isa = PBXFrameworksBuildPhase;
			buildActionMask = 2147483647;
			files = (
				0ADC2EEA6CCD76DD7EFFD6CE /* Pods_Wheather_Forecast_Wheather_ForecastUITests.framework in Frameworks */,
			);
			runOnlyForDeploymentPostprocessing = 0;
		};
/* End PBXFrameworksBuildPhase section */

/* Begin PBXGroup section */
		208F163E2AFB891A0027FD83 = {
			isa = PBXGroup;
			children = (
				208F16492AFB891B0027FD83 /* Wheather Forecast */,
				208F16602AFB89210027FD83 /* Wheather ForecastTests */,
				208F166A2AFB89210027FD83 /* Wheather ForecastUITests */,
				208F16482AFB891B0027FD83 /* Products */,
				71A75C6998900500BC35BD9B /* Pods */,
				AD4DA652A2222FC566419DD7 /* Frameworks */,
			);
			sourceTree = "<group>";
		};
		208F16482AFB891B0027FD83 /* Products */ = {
			isa = PBXGroup;
			children = (
				208F16472AFB891B0027FD83 /* Wheather Forecast.app */,
				208F165D2AFB89210027FD83 /* Wheather ForecastTests.xctest */,
				208F16672AFB89210027FD83 /* Wheather ForecastUITests.xctest */,
			);
			name = Products;
			sourceTree = "<group>";
		};
		208F16492AFB891B0027FD83 /* Wheather Forecast */ = {
			isa = PBXGroup;
			children = (
				208F167E2AFB8C2A0027FD83 /* App */,
				208F16AA2AFBF9780027FD83 /* Network */,
				208F16862AFBA02C0027FD83 /* Utilities */,
				208F16812AFB8C960027FD83 /* Recources */,
				208F167F2AFB8C880027FD83 /* SupportingFiles */,
			);
			path = "Wheather Forecast";
			sourceTree = "<group>";
		};
		208F16602AFB89210027FD83 /* Wheather ForecastTests */ = {
			isa = PBXGroup;
			children = (
				208F16612AFB89210027FD83 /* Wheather_ForecastTests.swift */,
			);
			path = "Wheather ForecastTests";
			sourceTree = "<group>";
		};
		208F166A2AFB89210027FD83 /* Wheather ForecastUITests */ = {
			isa = PBXGroup;
			children = (
				208F166B2AFB89210027FD83 /* Wheather_ForecastUITests.swift */,
				208F166D2AFB89210027FD83 /* Wheather_ForecastUITestsLaunchTests.swift */,
			);
			path = "Wheather ForecastUITests";
			sourceTree = "<group>";
		};
		208F167E2AFB8C2A0027FD83 /* App */ = {
			isa = PBXGroup;
			children = (
				208F164A2AFB891B0027FD83 /* AppDelegate.swift */,
				208F16822AFB9FD80027FD83 /* AppRouter.swift */,
				208F16B12AFBFD590027FD83 /* AppService.swift */,
				208F16842AFB9FE20027FD83 /* AppContainer.swift */,
			);
			path = App;
			sourceTree = "<group>";
		};
		208F167F2AFB8C880027FD83 /* SupportingFiles */ = {
			isa = PBXGroup;
			children = (
				208F16552AFB89200027FD83 /* LaunchScreen.storyboard */,
				208F16582AFB89200027FD83 /* Info.plist */,
			);
			path = SupportingFiles;
			sourceTree = "<group>";
		};
		208F16812AFB8C960027FD83 /* Recources */ = {
			isa = PBXGroup;
			children = (
				20CB1C482AFD4ECD00E5B53B /* Fonts */,
				208F16532AFB89200027FD83 /* Assets.xcassets */,
			);
			path = Recources;
			sourceTree = "<group>";
		};
		208F16862AFBA02C0027FD83 /* Utilities */ = {
			isa = PBXGroup;
			children = (
				20CB1C512AFD503700E5B53B /* Extensions */,
			);
			path = Utilities;
			sourceTree = "<group>";
		};
		208F16AA2AFBF9780027FD83 /* Network */ = {
			isa = PBXGroup;
			children = (
				208F16AF2AFBFC1E0027FD83 /* NetworkError.swift */,
				208F16AD2AFBFA530027FD83 /* RequestProtocol.swift */,
				20CB1C352AFCDD6A00E5B53B /* Request.swift */,
				208F16B32AFC073D0027FD83 /* RequestModel.swift */,
			);
			path = Network;
			sourceTree = "<group>";
		};
		20CB1C482AFD4ECD00E5B53B /* Fonts */ = {
			isa = PBXGroup;
			children = (
				20CB1C4C2AFD4F9100E5B53B /* Exo2-Light.ttf */,
				20CB1C492AFD4F9100E5B53B /* Exo2-Regular.ttf */,
				20CB1C4B2AFD4F9100E5B53B /* Exo2-SemiBold.ttf */,
				20CB1C4A2AFD4F9100E5B53B /* Exo2-Thin.ttf */,
			);
			path = Fonts;
			sourceTree = "<group>";
		};
		20CB1C512AFD503700E5B53B /* Extensions */ = {
			isa = PBXGroup;
			children = (
				20CB1C522AFD505500E5B53B /* CustomFont.swift */,
			);
			path = Extensions;
			sourceTree = "<group>";
		};
		71A75C6998900500BC35BD9B /* Pods */ = {
			isa = PBXGroup;
			children = (
				CBD6F167FEA4EBD1A4F2354E /* Pods-Wheather Forecast.debug.xcconfig */,
				2E525577D1995A3F1172B9E3 /* Pods-Wheather Forecast.release.xcconfig */,
				DDB3B5A21291DF1FCB0ED7F5 /* Pods-Wheather Forecast-Wheather ForecastUITests.debug.xcconfig */,
				A3B690C251D2A8E205C963BA /* Pods-Wheather Forecast-Wheather ForecastUITests.release.xcconfig */,
				40A71A79A4B1F7730E1C37CF /* Pods-Wheather ForecastTests.debug.xcconfig */,
				EF3B1469C4B69D024469934B /* Pods-Wheather ForecastTests.release.xcconfig */,
			);
			path = Pods;
			sourceTree = "<group>";
		};
		AD4DA652A2222FC566419DD7 /* Frameworks */ = {
			isa = PBXGroup;
			children = (
				7EA9DAD75B76B91952735413 /* Pods_Wheather_Forecast.framework */,
				D760349D5328D43117F27CBA /* Pods_Wheather_Forecast_Wheather_ForecastUITests.framework */,
				51F94EBBF4653606B2D7D9D0 /* Pods_Wheather_ForecastTests.framework */,
			);
			name = Frameworks;
			sourceTree = "<group>";
		};
/* End PBXGroup section */

/* Begin PBXNativeTarget section */
		208F16462AFB891A0027FD83 /* Wheather Forecast */ = {
			isa = PBXNativeTarget;
			buildConfigurationList = 208F16712AFB89210027FD83 /* Build configuration list for PBXNativeTarget "Wheather Forecast" */;
			buildPhases = (
				170CD24C0B941CC062081D9D /* [CP] Check Pods Manifest.lock */,
				208F16432AFB891A0027FD83 /* Sources */,
				208F16442AFB891A0027FD83 /* Frameworks */,
				208F16452AFB891A0027FD83 /* Resources */,
				C3F2B09285335D833FFE2555 /* [CP] Embed Pods Frameworks */,
			);
			buildRules = (
			);
			dependencies = (
			);
			name = "Wheather Forecast";
			productName = "Wheather Forecast";
			productReference = 208F16472AFB891B0027FD83 /* Wheather Forecast.app */;
			productType = "com.apple.product-type.application";
		};
		208F165C2AFB89210027FD83 /* Wheather ForecastTests */ = {
			isa = PBXNativeTarget;
			buildConfigurationList = 208F16742AFB89210027FD83 /* Build configuration list for PBXNativeTarget "Wheather ForecastTests" */;
			buildPhases = (
				23ADF501C62D265A1EBCB096 /* [CP] Check Pods Manifest.lock */,
				208F16592AFB89210027FD83 /* Sources */,
				208F165A2AFB89210027FD83 /* Frameworks */,
				208F165B2AFB89210027FD83 /* Resources */,
			);
			buildRules = (
			);
			dependencies = (
				208F165F2AFB89210027FD83 /* PBXTargetDependency */,
			);
			name = "Wheather ForecastTests";
			productName = "Wheather ForecastTests";
			productReference = 208F165D2AFB89210027FD83 /* Wheather ForecastTests.xctest */;
			productType = "com.apple.product-type.bundle.unit-test";
		};
		208F16662AFB89210027FD83 /* Wheather ForecastUITests */ = {
			isa = PBXNativeTarget;
			buildConfigurationList = 208F16772AFB89210027FD83 /* Build configuration list for PBXNativeTarget "Wheather ForecastUITests" */;
			buildPhases = (
				09CB5AB8914FB5AE593D2FBC /* [CP] Check Pods Manifest.lock */,
				208F16632AFB89210027FD83 /* Sources */,
				208F16642AFB89210027FD83 /* Frameworks */,
				208F16652AFB89210027FD83 /* Resources */,
				C2B187DE43024ADF7862B0B0 /* [CP] Embed Pods Frameworks */,
			);
			buildRules = (
			);
			dependencies = (
				208F16692AFB89210027FD83 /* PBXTargetDependency */,
			);
			name = "Wheather ForecastUITests";
			productName = "Wheather ForecastUITests";
			productReference = 208F16672AFB89210027FD83 /* Wheather ForecastUITests.xctest */;
			productType = "com.apple.product-type.bundle.ui-testing";
		};
/* End PBXNativeTarget section */

/* Begin PBXProject section */
		208F163F2AFB891A0027FD83 /* Project object */ = {
			isa = PBXProject;
			attributes = {
				BuildIndependentTargetsInParallel = 1;
				LastSwiftUpdateCheck = 1500;
				LastUpgradeCheck = 1500;
				TargetAttributes = {
					208F16462AFB891A0027FD83 = {
						CreatedOnToolsVersion = 15.0.1;
					};
					208F165C2AFB89210027FD83 = {
						CreatedOnToolsVersion = 15.0.1;
						TestTargetID = 208F16462AFB891A0027FD83;
					};
					208F16662AFB89210027FD83 = {
						CreatedOnToolsVersion = 15.0.1;
						TestTargetID = 208F16462AFB891A0027FD83;
					};
				};
			};
			buildConfigurationList = 208F16422AFB891A0027FD83 /* Build configuration list for PBXProject "Wheather Forecast" */;
			compatibilityVersion = "Xcode 14.0";
			developmentRegion = en;
			hasScannedForEncodings = 0;
			knownRegions = (
				en,
				Base,
			);
			mainGroup = 208F163E2AFB891A0027FD83;
			productRefGroup = 208F16482AFB891B0027FD83 /* Products */;
			projectDirPath = "";
			projectRoot = "";
			targets = (
				208F16462AFB891A0027FD83 /* Wheather Forecast */,
				208F165C2AFB89210027FD83 /* Wheather ForecastTests */,
				208F16662AFB89210027FD83 /* Wheather ForecastUITests */,
			);
		};
/* End PBXProject section */

/* Begin PBXResourcesBuildPhase section */
		208F16452AFB891A0027FD83 /* Resources */ = {
			isa = PBXResourcesBuildPhase;
			buildActionMask = 2147483647;
			files = (
				208F16572AFB89200027FD83 /* LaunchScreen.storyboard in Resources */,
				208F16542AFB89200027FD83 /* Assets.xcassets in Resources */,
				20CB1C4F2AFD4F9100E5B53B /* Exo2-SemiBold.ttf in Resources */,
				20CB1C4D2AFD4F9100E5B53B /* Exo2-Regular.ttf in Resources */,
				20CB1C4E2AFD4F9100E5B53B /* Exo2-Thin.ttf in Resources */,
				20CB1C502AFD4F9100E5B53B /* Exo2-Light.ttf in Resources */,
			);
			runOnlyForDeploymentPostprocessing = 0;
		};
		208F165B2AFB89210027FD83 /* Resources */ = {
			isa = PBXResourcesBuildPhase;
			buildActionMask = 2147483647;
			files = (
			);
			runOnlyForDeploymentPostprocessing = 0;
		};
		208F16652AFB89210027FD83 /* Resources */ = {
			isa = PBXResourcesBuildPhase;
			buildActionMask = 2147483647;
			files = (
			);
			runOnlyForDeploymentPostprocessing = 0;
		};
/* End PBXResourcesBuildPhase section */

/* Begin PBXShellScriptBuildPhase section */
		09CB5AB8914FB5AE593D2FBC /* [CP] Check Pods Manifest.lock */ = {
			isa = PBXShellScriptBuildPhase;
			buildActionMask = 2147483647;
			files = (
			);
			inputFileListPaths = (
			);
			inputPaths = (
				"${PODS_PODFILE_DIR_PATH}/Podfile.lock",
				"${PODS_ROOT}/Manifest.lock",
			);
			name = "[CP] Check Pods Manifest.lock";
			outputFileListPaths = (
			);
			outputPaths = (
				"$(DERIVED_FILE_DIR)/Pods-Wheather Forecast-Wheather ForecastUITests-checkManifestLockResult.txt",
			);
			runOnlyForDeploymentPostprocessing = 0;
			shellPath = /bin/sh;
			shellScript = "diff \"${PODS_PODFILE_DIR_PATH}/Podfile.lock\" \"${PODS_ROOT}/Manifest.lock\" > /dev/null\nif [ $? != 0 ] ; then\n    # print error to STDERR\n    echo \"error: The sandbox is not in sync with the Podfile.lock. Run 'pod install' or update your CocoaPods installation.\" >&2\n    exit 1\nfi\n# This output is used by Xcode 'outputs' to avoid re-running this script phase.\necho \"SUCCESS\" > \"${SCRIPT_OUTPUT_FILE_0}\"\n";
			showEnvVarsInLog = 0;
		};
		170CD24C0B941CC062081D9D /* [CP] Check Pods Manifest.lock */ = {
			isa = PBXShellScriptBuildPhase;
			buildActionMask = 2147483647;
			files = (
			);
			inputFileListPaths = (
			);
			inputPaths = (
				"${PODS_PODFILE_DIR_PATH}/Podfile.lock",
				"${PODS_ROOT}/Manifest.lock",
			);
			name = "[CP] Check Pods Manifest.lock";
			outputFileListPaths = (
			);
			outputPaths = (
				"$(DERIVED_FILE_DIR)/Pods-Wheather Forecast-checkManifestLockResult.txt",
			);
			runOnlyForDeploymentPostprocessing = 0;
			shellPath = /bin/sh;
			shellScript = "diff \"${PODS_PODFILE_DIR_PATH}/Podfile.lock\" \"${PODS_ROOT}/Manifest.lock\" > /dev/null\nif [ $? != 0 ] ; then\n    # print error to STDERR\n    echo \"error: The sandbox is not in sync with the Podfile.lock. Run 'pod install' or update your CocoaPods installation.\" >&2\n    exit 1\nfi\n# This output is used by Xcode 'outputs' to avoid re-running this script phase.\necho \"SUCCESS\" > \"${SCRIPT_OUTPUT_FILE_0}\"\n";
			showEnvVarsInLog = 0;
		};
		23ADF501C62D265A1EBCB096 /* [CP] Check Pods Manifest.lock */ = {
			isa = PBXShellScriptBuildPhase;
			buildActionMask = 2147483647;
			files = (
			);
			inputFileListPaths = (
			);
			inputPaths = (
				"${PODS_PODFILE_DIR_PATH}/Podfile.lock",
				"${PODS_ROOT}/Manifest.lock",
			);
			name = "[CP] Check Pods Manifest.lock";
			outputFileListPaths = (
			);
			outputPaths = (
				"$(DERIVED_FILE_DIR)/Pods-Wheather ForecastTests-checkManifestLockResult.txt",
			);
			runOnlyForDeploymentPostprocessing = 0;
			shellPath = /bin/sh;
			shellScript = "diff \"${PODS_PODFILE_DIR_PATH}/Podfile.lock\" \"${PODS_ROOT}/Manifest.lock\" > /dev/null\nif [ $? != 0 ] ; then\n    # print error to STDERR\n    echo \"error: The sandbox is not in sync with the Podfile.lock. Run 'pod install' or update your CocoaPods installation.\" >&2\n    exit 1\nfi\n# This output is used by Xcode 'outputs' to avoid re-running this script phase.\necho \"SUCCESS\" > \"${SCRIPT_OUTPUT_FILE_0}\"\n";
			showEnvVarsInLog = 0;
		};
		C2B187DE43024ADF7862B0B0 /* [CP] Embed Pods Frameworks */ = {
			isa = PBXShellScriptBuildPhase;
			buildActionMask = 2147483647;
			files = (
			);
			inputFileListPaths = (
				"${PODS_ROOT}/Target Support Files/Pods-Wheather Forecast-Wheather ForecastUITests/Pods-Wheather Forecast-Wheather ForecastUITests-frameworks-${CONFIGURATION}-input-files.xcfilelist",
			);
			name = "[CP] Embed Pods Frameworks";
			outputFileListPaths = (
				"${PODS_ROOT}/Target Support Files/Pods-Wheather Forecast-Wheather ForecastUITests/Pods-Wheather Forecast-Wheather ForecastUITests-frameworks-${CONFIGURATION}-output-files.xcfilelist",
			);
			runOnlyForDeploymentPostprocessing = 0;
			shellPath = /bin/sh;
			shellScript = "\"${PODS_ROOT}/Target Support Files/Pods-Wheather Forecast-Wheather ForecastUITests/Pods-Wheather Forecast-Wheather ForecastUITests-frameworks.sh\"\n";
			showEnvVarsInLog = 0;
		};
		C3F2B09285335D833FFE2555 /* [CP] Embed Pods Frameworks */ = {
			isa = PBXShellScriptBuildPhase;
			buildActionMask = 2147483647;
			files = (
			);
			inputFileListPaths = (
				"${PODS_ROOT}/Target Support Files/Pods-Wheather Forecast/Pods-Wheather Forecast-frameworks-${CONFIGURATION}-input-files.xcfilelist",
			);
			name = "[CP] Embed Pods Frameworks";
			outputFileListPaths = (
				"${PODS_ROOT}/Target Support Files/Pods-Wheather Forecast/Pods-Wheather Forecast-frameworks-${CONFIGURATION}-output-files.xcfilelist",
			);
			runOnlyForDeploymentPostprocessing = 0;
			shellPath = /bin/sh;
			shellScript = "\"${PODS_ROOT}/Target Support Files/Pods-Wheather Forecast/Pods-Wheather Forecast-frameworks.sh\"\n";
			showEnvVarsInLog = 0;
		};
/* End PBXShellScriptBuildPhase section */

/* Begin PBXSourcesBuildPhase section */
		208F16432AFB891A0027FD83 /* Sources */ = {
			isa = PBXSourcesBuildPhase;
			buildActionMask = 2147483647;
			files = (
				20CB1C532AFD505500E5B53B /* CustomFont.swift in Sources */,
				208F16832AFB9FD80027FD83 /* AppRouter.swift in Sources */,
				208F16B22AFBFD590027FD83 /* AppService.swift in Sources */,
				208F16AE2AFBFA530027FD83 /* RequestProtocol.swift in Sources */,
				208F16B02AFBFC1E0027FD83 /* NetworkError.swift in Sources */,
				208F16B42AFC073D0027FD83 /* RequestModel.swift in Sources */,
				208F164B2AFB891B0027FD83 /* AppDelegate.swift in Sources */,
				20CB1C362AFCDD6A00E5B53B /* Request.swift in Sources */,
				208F16852AFB9FE20027FD83 /* AppContainer.swift in Sources */,
			);
			runOnlyForDeploymentPostprocessing = 0;
		};
		208F16592AFB89210027FD83 /* Sources */ = {
			isa = PBXSourcesBuildPhase;
			buildActionMask = 2147483647;
			files = (
				208F16622AFB89210027FD83 /* Wheather_ForecastTests.swift in Sources */,
			);
			runOnlyForDeploymentPostprocessing = 0;
		};
		208F16632AFB89210027FD83 /* Sources */ = {
			isa = PBXSourcesBuildPhase;
			buildActionMask = 2147483647;
			files = (
				208F166C2AFB89210027FD83 /* Wheather_ForecastUITests.swift in Sources */,
				208F166E2AFB89210027FD83 /* Wheather_ForecastUITestsLaunchTests.swift in Sources */,
			);
			runOnlyForDeploymentPostprocessing = 0;
		};
/* End PBXSourcesBuildPhase section */

/* Begin PBXTargetDependency section */
		208F165F2AFB89210027FD83 /* PBXTargetDependency */ = {
			isa = PBXTargetDependency;
			target = 208F16462AFB891A0027FD83 /* Wheather Forecast */;
			targetProxy = 208F165E2AFB89210027FD83 /* PBXContainerItemProxy */;
		};
		208F16692AFB89210027FD83 /* PBXTargetDependency */ = {
			isa = PBXTargetDependency;
			target = 208F16462AFB891A0027FD83 /* Wheather Forecast */;
			targetProxy = 208F16682AFB89210027FD83 /* PBXContainerItemProxy */;
		};
/* End PBXTargetDependency section */

/* Begin PBXVariantGroup section */
		208F16552AFB89200027FD83 /* LaunchScreen.storyboard */ = {
			isa = PBXVariantGroup;
			children = (
				208F16562AFB89200027FD83 /* Base */,
			);
			name = LaunchScreen.storyboard;
			sourceTree = "<group>";
		};
/* End PBXVariantGroup section */

/* Begin XCBuildConfiguration section */
		208F166F2AFB89210027FD83 /* Debug */ = {
			isa = XCBuildConfiguration;
			buildSettings = {
				ALWAYS_SEARCH_USER_PATHS = NO;
				ASSETCATALOG_COMPILER_GENERATE_SWIFT_ASSET_SYMBOL_EXTENSIONS = YES;
				CLANG_ANALYZER_NONNULL = YES;
				CLANG_ANALYZER_NUMBER_OBJECT_CONVERSION = YES_AGGRESSIVE;
				CLANG_CXX_LANGUAGE_STANDARD = "gnu++20";
				CLANG_ENABLE_MODULES = YES;
				CLANG_ENABLE_OBJC_ARC = YES;
				CLANG_ENABLE_OBJC_WEAK = YES;
				CLANG_WARN_BLOCK_CAPTURE_AUTORELEASING = YES;
				CLANG_WARN_BOOL_CONVERSION = YES;
				CLANG_WARN_COMMA = YES;
				CLANG_WARN_CONSTANT_CONVERSION = YES;
				CLANG_WARN_DEPRECATED_OBJC_IMPLEMENTATIONS = YES;
				CLANG_WARN_DIRECT_OBJC_ISA_USAGE = YES_ERROR;
				CLANG_WARN_DOCUMENTATION_COMMENTS = YES;
				CLANG_WARN_EMPTY_BODY = YES;
				CLANG_WARN_ENUM_CONVERSION = YES;
				CLANG_WARN_INFINITE_RECURSION = YES;
				CLANG_WARN_INT_CONVERSION = YES;
				CLANG_WARN_NON_LITERAL_NULL_CONVERSION = YES;
				CLANG_WARN_OBJC_IMPLICIT_RETAIN_SELF = YES;
				CLANG_WARN_OBJC_LITERAL_CONVERSION = YES;
				CLANG_WARN_OBJC_ROOT_CLASS = YES_ERROR;
				CLANG_WARN_QUOTED_INCLUDE_IN_FRAMEWORK_HEADER = YES;
				CLANG_WARN_RANGE_LOOP_ANALYSIS = YES;
				CLANG_WARN_STRICT_PROTOTYPES = YES;
				CLANG_WARN_SUSPICIOUS_MOVE = YES;
				CLANG_WARN_UNGUARDED_AVAILABILITY = YES_AGGRESSIVE;
				CLANG_WARN_UNREACHABLE_CODE = YES;
				CLANG_WARN__DUPLICATE_METHOD_MATCH = YES;
				COPY_PHASE_STRIP = NO;
				DEBUG_INFORMATION_FORMAT = dwarf;
				ENABLE_STRICT_OBJC_MSGSEND = YES;
				ENABLE_TESTABILITY = YES;
				ENABLE_USER_SCRIPT_SANDBOXING = NO;
				GCC_C_LANGUAGE_STANDARD = gnu17;
				GCC_DYNAMIC_NO_PIC = NO;
				GCC_NO_COMMON_BLOCKS = YES;
				GCC_OPTIMIZATION_LEVEL = 0;
				GCC_PREPROCESSOR_DEFINITIONS = (
					"DEBUG=1",
					"$(inherited)",
				);
				GCC_WARN_64_TO_32_BIT_CONVERSION = YES;
				GCC_WARN_ABOUT_RETURN_TYPE = YES_ERROR;
				GCC_WARN_UNDECLARED_SELECTOR = YES;
				GCC_WARN_UNINITIALIZED_AUTOS = YES_AGGRESSIVE;
				GCC_WARN_UNUSED_FUNCTION = YES;
				GCC_WARN_UNUSED_VARIABLE = YES;
				IPHONEOS_DEPLOYMENT_TARGET = 17.0;
				LOCALIZATION_PREFERS_STRING_CATALOGS = YES;
				MTL_ENABLE_DEBUG_INFO = INCLUDE_SOURCE;
				MTL_FAST_MATH = YES;
				ONLY_ACTIVE_ARCH = YES;
				SDKROOT = iphoneos;
				SWIFT_ACTIVE_COMPILATION_CONDITIONS = "DEBUG $(inherited)";
				SWIFT_OPTIMIZATION_LEVEL = "-Onone";
			};
			name = Debug;
		};
		208F16702AFB89210027FD83 /* Release */ = {
			isa = XCBuildConfiguration;
			buildSettings = {
				ALWAYS_SEARCH_USER_PATHS = NO;
				ASSETCATALOG_COMPILER_GENERATE_SWIFT_ASSET_SYMBOL_EXTENSIONS = YES;
				CLANG_ANALYZER_NONNULL = YES;
				CLANG_ANALYZER_NUMBER_OBJECT_CONVERSION = YES_AGGRESSIVE;
				CLANG_CXX_LANGUAGE_STANDARD = "gnu++20";
				CLANG_ENABLE_MODULES = YES;
				CLANG_ENABLE_OBJC_ARC = YES;
				CLANG_ENABLE_OBJC_WEAK = YES;
				CLANG_WARN_BLOCK_CAPTURE_AUTORELEASING = YES;
				CLANG_WARN_BOOL_CONVERSION = YES;
				CLANG_WARN_COMMA = YES;
				CLANG_WARN_CONSTANT_CONVERSION = YES;
				CLANG_WARN_DEPRECATED_OBJC_IMPLEMENTATIONS = YES;
				CLANG_WARN_DIRECT_OBJC_ISA_USAGE = YES_ERROR;
				CLANG_WARN_DOCUMENTATION_COMMENTS = YES;
				CLANG_WARN_EMPTY_BODY = YES;
				CLANG_WARN_ENUM_CONVERSION = YES;
				CLANG_WARN_INFINITE_RECURSION = YES;
				CLANG_WARN_INT_CONVERSION = YES;
				CLANG_WARN_NON_LITERAL_NULL_CONVERSION = YES;
				CLANG_WARN_OBJC_IMPLICIT_RETAIN_SELF = YES;
				CLANG_WARN_OBJC_LITERAL_CONVERSION = YES;
				CLANG_WARN_OBJC_ROOT_CLASS = YES_ERROR;
				CLANG_WARN_QUOTED_INCLUDE_IN_FRAMEWORK_HEADER = YES;
				CLANG_WARN_RANGE_LOOP_ANALYSIS = YES;
				CLANG_WARN_STRICT_PROTOTYPES = YES;
				CLANG_WARN_SUSPICIOUS_MOVE = YES;
				CLANG_WARN_UNGUARDED_AVAILABILITY = YES_AGGRESSIVE;
				CLANG_WARN_UNREACHABLE_CODE = YES;
				CLANG_WARN__DUPLICATE_METHOD_MATCH = YES;
				COPY_PHASE_STRIP = NO;
				DEBUG_INFORMATION_FORMAT = "dwarf-with-dsym";
				ENABLE_NS_ASSERTIONS = NO;
				ENABLE_STRICT_OBJC_MSGSEND = YES;
				ENABLE_USER_SCRIPT_SANDBOXING = NO;
				GCC_C_LANGUAGE_STANDARD = gnu17;
				GCC_NO_COMMON_BLOCKS = YES;
				GCC_WARN_64_TO_32_BIT_CONVERSION = YES;
				GCC_WARN_ABOUT_RETURN_TYPE = YES_ERROR;
				GCC_WARN_UNDECLARED_SELECTOR = YES;
				GCC_WARN_UNINITIALIZED_AUTOS = YES_AGGRESSIVE;
				GCC_WARN_UNUSED_FUNCTION = YES;
				GCC_WARN_UNUSED_VARIABLE = YES;
				IPHONEOS_DEPLOYMENT_TARGET = 17.0;
				LOCALIZATION_PREFERS_STRING_CATALOGS = YES;
				MTL_ENABLE_DEBUG_INFO = NO;
				MTL_FAST_MATH = YES;
				SDKROOT = iphoneos;
				SWIFT_COMPILATION_MODE = wholemodule;
				VALIDATE_PRODUCT = YES;
			};
			name = Release;
		};
		208F16722AFB89210027FD83 /* Debug */ = {
			isa = XCBuildConfiguration;
			baseConfigurationReference = CBD6F167FEA4EBD1A4F2354E /* Pods-Wheather Forecast.debug.xcconfig */;
			buildSettings = {
				ASSETCATALOG_COMPILER_APPICON_NAME = AppIcon;
				ASSETCATALOG_COMPILER_GLOBAL_ACCENT_COLOR_NAME = AccentColor;
				CODE_SIGN_STYLE = Automatic;
				CURRENT_PROJECT_VERSION = 1;
				DEVELOPMENT_TEAM = MM2C8HD34J;
				GENERATE_INFOPLIST_FILE = YES;
				INFOPLIST_FILE = "Wheather Forecast/SupportingFiles/Info.plist";
				INFOPLIST_KEY_UIApplicationSupportsIndirectInputEvents = YES;
				INFOPLIST_KEY_UILaunchStoryboardName = LaunchScreen;
				INFOPLIST_KEY_UISupportedInterfaceOrientations_iPad = "UIInterfaceOrientationPortrait UIInterfaceOrientationPortraitUpsideDown UIInterfaceOrientationLandscapeLeft UIInterfaceOrientationLandscapeRight";
				INFOPLIST_KEY_UISupportedInterfaceOrientations_iPhone = "UIInterfaceOrientationPortrait UIInterfaceOrientationLandscapeLeft UIInterfaceOrientationLandscapeRight";
				LD_RUNPATH_SEARCH_PATHS = (
					"$(inherited)",
					"@executable_path/Frameworks",
				);
				MARKETING_VERSION = 1.0;
				PRODUCT_BUNDLE_IDENTIFIER = "com.mdt.Wheather-Forecast";
				PRODUCT_NAME = "$(TARGET_NAME)";
				SWIFT_EMIT_LOC_STRINGS = YES;
				SWIFT_VERSION = 5.0;
				TARGETED_DEVICE_FAMILY = "1,2";
			};
			name = Debug;
		};
		208F16732AFB89210027FD83 /* Release */ = {
			isa = XCBuildConfiguration;
			baseConfigurationReference = 2E525577D1995A3F1172B9E3 /* Pods-Wheather Forecast.release.xcconfig */;
			buildSettings = {
				ASSETCATALOG_COMPILER_APPICON_NAME = AppIcon;
				ASSETCATALOG_COMPILER_GLOBAL_ACCENT_COLOR_NAME = AccentColor;
				CODE_SIGN_STYLE = Automatic;
				CURRENT_PROJECT_VERSION = 1;
				DEVELOPMENT_TEAM = MM2C8HD34J;
				GENERATE_INFOPLIST_FILE = YES;
				INFOPLIST_FILE = "Wheather Forecast/SupportingFiles/Info.plist";
				INFOPLIST_KEY_UIApplicationSupportsIndirectInputEvents = YES;
				INFOPLIST_KEY_UILaunchStoryboardName = LaunchScreen;
				INFOPLIST_KEY_UISupportedInterfaceOrientations_iPad = "UIInterfaceOrientationPortrait UIInterfaceOrientationPortraitUpsideDown UIInterfaceOrientationLandscapeLeft UIInterfaceOrientationLandscapeRight";
				INFOPLIST_KEY_UISupportedInterfaceOrientations_iPhone = "UIInterfaceOrientationPortrait UIInterfaceOrientationLandscapeLeft UIInterfaceOrientationLandscapeRight";
				LD_RUNPATH_SEARCH_PATHS = (
					"$(inherited)",
					"@executable_path/Frameworks",
				);
				MARKETING_VERSION = 1.0;
				PRODUCT_BUNDLE_IDENTIFIER = "com.mdt.Wheather-Forecast";
				PRODUCT_NAME = "$(TARGET_NAME)";
				SWIFT_EMIT_LOC_STRINGS = YES;
				SWIFT_VERSION = 5.0;
				TARGETED_DEVICE_FAMILY = "1,2";
			};
			name = Release;
		};
		208F16752AFB89210027FD83 /* Debug */ = {
			isa = XCBuildConfiguration;
			baseConfigurationReference = 40A71A79A4B1F7730E1C37CF /* Pods-Wheather ForecastTests.debug.xcconfig */;
			buildSettings = {
				ALWAYS_EMBED_SWIFT_STANDARD_LIBRARIES = YES;
				BUNDLE_LOADER = "$(TEST_HOST)";
				CODE_SIGN_STYLE = Automatic;
				CURRENT_PROJECT_VERSION = 1;
				DEVELOPMENT_TEAM = MM2C8HD34J;
				GENERATE_INFOPLIST_FILE = YES;
				IPHONEOS_DEPLOYMENT_TARGET = 17.0;
				MARKETING_VERSION = 1.0;
				PRODUCT_BUNDLE_IDENTIFIER = "com.mdt.Wheather-ForecastTests";
				PRODUCT_NAME = "$(TARGET_NAME)";
				SWIFT_EMIT_LOC_STRINGS = NO;
				SWIFT_VERSION = 5.0;
				TARGETED_DEVICE_FAMILY = "1,2";
				TEST_HOST = "$(BUILT_PRODUCTS_DIR)/Wheather Forecast.app/$(BUNDLE_EXECUTABLE_FOLDER_PATH)/Wheather Forecast";
			};
			name = Debug;
		};
		208F16762AFB89210027FD83 /* Release */ = {
			isa = XCBuildConfiguration;
			baseConfigurationReference = EF3B1469C4B69D024469934B /* Pods-Wheather ForecastTests.release.xcconfig */;
			buildSettings = {
				ALWAYS_EMBED_SWIFT_STANDARD_LIBRARIES = YES;
				BUNDLE_LOADER = "$(TEST_HOST)";
				CODE_SIGN_STYLE = Automatic;
				CURRENT_PROJECT_VERSION = 1;
				DEVELOPMENT_TEAM = MM2C8HD34J;
				GENERATE_INFOPLIST_FILE = YES;
				IPHONEOS_DEPLOYMENT_TARGET = 17.0;
				MARKETING_VERSION = 1.0;
				PRODUCT_BUNDLE_IDENTIFIER = "com.mdt.Wheather-ForecastTests";
				PRODUCT_NAME = "$(TARGET_NAME)";
				SWIFT_EMIT_LOC_STRINGS = NO;
				SWIFT_VERSION = 5.0;
				TARGETED_DEVICE_FAMILY = "1,2";
				TEST_HOST = "$(BUILT_PRODUCTS_DIR)/Wheather Forecast.app/$(BUNDLE_EXECUTABLE_FOLDER_PATH)/Wheather Forecast";
			};
			name = Release;
		};
		208F16782AFB89210027FD83 /* Debug */ = {
			isa = XCBuildConfiguration;
			baseConfigurationReference = DDB3B5A21291DF1FCB0ED7F5 /* Pods-Wheather Forecast-Wheather ForecastUITests.debug.xcconfig */;
			buildSettings = {
				ALWAYS_EMBED_SWIFT_STANDARD_LIBRARIES = YES;
				CODE_SIGN_STYLE = Automatic;
				CURRENT_PROJECT_VERSION = 1;
				DEVELOPMENT_TEAM = MM2C8HD34J;
				GENERATE_INFOPLIST_FILE = YES;
				MARKETING_VERSION = 1.0;
				PRODUCT_BUNDLE_IDENTIFIER = "com.mdt.Wheather-ForecastUITests";
				PRODUCT_NAME = "$(TARGET_NAME)";
				SWIFT_EMIT_LOC_STRINGS = NO;
				SWIFT_VERSION = 5.0;
				TARGETED_DEVICE_FAMILY = "1,2";
				TEST_TARGET_NAME = "Wheather Forecast";
			};
			name = Debug;
		};
		208F16792AFB89210027FD83 /* Release */ = {
			isa = XCBuildConfiguration;
			baseConfigurationReference = A3B690C251D2A8E205C963BA /* Pods-Wheather Forecast-Wheather ForecastUITests.release.xcconfig */;
			buildSettings = {
				ALWAYS_EMBED_SWIFT_STANDARD_LIBRARIES = YES;
				CODE_SIGN_STYLE = Automatic;
				CURRENT_PROJECT_VERSION = 1;
				DEVELOPMENT_TEAM = MM2C8HD34J;
				GENERATE_INFOPLIST_FILE = YES;
				MARKETING_VERSION = 1.0;
				PRODUCT_BUNDLE_IDENTIFIER = "com.mdt.Wheather-ForecastUITests";
				PRODUCT_NAME = "$(TARGET_NAME)";
				SWIFT_EMIT_LOC_STRINGS = NO;
				SWIFT_VERSION = 5.0;
				TARGETED_DEVICE_FAMILY = "1,2";
				TEST_TARGET_NAME = "Wheather Forecast";
			};
			name = Release;
		};
/* End XCBuildConfiguration section */

/* Begin XCConfigurationList section */
		208F16422AFB891A0027FD83 /* Build configuration list for PBXProject "Wheather Forecast" */ = {
			isa = XCConfigurationList;
			buildConfigurations = (
				208F166F2AFB89210027FD83 /* Debug */,
				208F16702AFB89210027FD83 /* Release */,
			);
			defaultConfigurationIsVisible = 0;
			defaultConfigurationName = Release;
		};
		208F16712AFB89210027FD83 /* Build configuration list for PBXNativeTarget "Wheather Forecast" */ = {
			isa = XCConfigurationList;
			buildConfigurations = (
				208F16722AFB89210027FD83 /* Debug */,
				208F16732AFB89210027FD83 /* Release */,
			);
			defaultConfigurationIsVisible = 0;
			defaultConfigurationName = Release;
		};
		208F16742AFB89210027FD83 /* Build configuration list for PBXNativeTarget "Wheather ForecastTests" */ = {
			isa = XCConfigurationList;
			buildConfigurations = (
				208F16752AFB89210027FD83 /* Debug */,
				208F16762AFB89210027FD83 /* Release */,
			);
			defaultConfigurationIsVisible = 0;
			defaultConfigurationName = Release;
		};
		208F16772AFB89210027FD83 /* Build configuration list for PBXNativeTarget "Wheather ForecastUITests" */ = {
			isa = XCConfigurationList;
			buildConfigurations = (
				208F16782AFB89210027FD83 /* Debug */,
				208F16792AFB89210027FD83 /* Release */,
			);
			defaultConfigurationIsVisible = 0;
			defaultConfigurationName = Release;
		};
/* End XCConfigurationList section */
	};
	rootObject = 208F163F2AFB891A0027FD83 /* Project object */;
}
